"@csstools/selector-specificity@^2.0.0":
  version "2.0.2"
  resolved "https://registry.yarnpkg.com/@csstools/selector-specificity/-/selector-specificity-2.0.2.tgz#1bfafe4b7ed0f3e4105837e056e0a89b108ebe36"

"@esbuild/android-arm@0.15.11":
  version "0.15.11"
  resolved "https://registry.yarnpkg.com/@esbuild/android-arm/-/android-arm-0.15.11.tgz#bdd9c3e098183bdca97075aa4c3e0152ed3e10ee"

"@esbuild/linux-loong64@0.15.11":
  version "0.15.11"
  resolved "https://registry.yarnpkg.com/@esbuild/linux-loong64/-/linux-loong64-0.15.11.tgz#2f4f9a1083dcb4fc65233b6f59003c406abf32e5"

"@hotwired/stimulus@^3.1.0":
  version "3.1.0"
  resolved "https://registry.yarnpkg.com/@hotwired/stimulus/-/stimulus-3.1.0.tgz#20215251e5afe6e0a3787285181ba1bfc9097df0"

"@hotwired/turbo-rails@^7.1.3":
  version "7.2.2"
  resolved "https://registry.yarnpkg.com/@hotwired/turbo-rails/-/turbo-rails-7.2.2.tgz#577d0d2d8253f395e6c922e3afaf6a9483a75487"
  dependencies:
    "@hotwired/turbo" "^7.2.2"
    "@rails/actioncable" "^7.0"

"@hotwired/turbo@^7.2.2":
  version "7.2.2"
  resolved "https://registry.yarnpkg.com/@hotwired/turbo/-/turbo-7.2.2.tgz#69e1f4be7f468690fa31791099e2a837e88c9518"

"@nodelib/fs.scandir@2.1.5":
  version "2.1.5"
  resolved "https://registry.yarnpkg.com/@nodelib/fs.scandir/-/fs.scandir-2.1.5.tgz#7619c2eb21b25483f6d167548b4cfd5a7488c3d5"
  dependencies:
    "@nodelib/fs.stat" "2.0.5"
    run-parallel "^1.1.9"

"@nodelib/fs.stat@2.0.5", "@nodelib/fs.stat@^2.0.2":
  version "2.0.5"
  resolved "https://registry.yarnpkg.com/@nodelib/fs.stat/-/fs.stat-2.0.5.tgz#5bd262af94e9d25bd1e71b05deed44876a222e8b"

"@nodelib/fs.walk@^1.2.3":
  version "1.2.8"
  resolved "https://registry.yarnpkg.com/@nodelib/fs.walk/-/fs.walk-1.2.8.tgz#e95737e8bb6746ddedf69c556953494f196fe69a"
  dependencies:
    "@nodelib/fs.scandir" "2.1.5"
    fastq "^1.6.0"

"@rails/actioncable@^7.0":
  version "7.0.4"
  resolved "https://registry.yarnpkg.com/@rails/actioncable/-/actioncable-7.0.4.tgz#70a3ca56809f7aaabb80af2f9c01ae51e1a8ed41"

ansi-regex@^5.0.1:
  version "5.0.1"
  resolved "https://registry.yarnpkg.com/ansi-regex/-/ansi-regex-5.0.1.tgz#082cb2c89c9fe8659a311a53bd6a4dc5301db304"

ansi-styles@^4.0.0:
  version "4.3.0"
  resolved "https://registry.yarnpkg.com/ansi-styles/-/ansi-styles-4.3.0.tgz#edd803628ae71c04c85ae7a0906edad34b648937"
  dependencies:
    color-convert "^2.0.1"

anymatch@~3.1.2:
  version "3.1.2"
  resolved "https://registry.yarnpkg.com/anymatch/-/anymatch-3.1.2.tgz#c0557c096af32f106198f4f4e2a383537e378716"
  dependencies:
    normalize-path "^3.0.0"
    picomatch "^2.0.4"

autoprefixer@^10.4.11:
  version "10.4.12"
  resolved "https://registry.yarnpkg.com/autoprefixer/-/autoprefixer-10.4.12.tgz#183f30bf0b0722af54ee5ef257f7d4320bb33129"
  dependencies:
    browserslist "^4.21.4"
    caniuse-lite "^1.0.30001407"
    fraction.js "^4.2.0"
    normalize-range "^0.1.2"
    picocolors "^1.0.0"
    postcss-value-parser "^4.2.0"

binary-extensions@^2.0.0:
  version "2.2.0"
  resolved "https://registry.yarnpkg.com/binary-extensions/-/binary-extensions-2.2.0.tgz#75f502eeaf9ffde42fc98829645be4ea76bd9e2d"

braces@^3.0.2, braces@~3.0.2:
  version "3.0.2"
  resolved "https://registry.yarnpkg.com/braces/-/braces-3.0.2.tgz#3454e1a462ee8d599e236df336cd9ea4f8afe107"
  dependencies:
    fill-range "^7.0.1"

browserslist@^4.21.4:
  version "4.21.4"
  resolved "https://registry.yarnpkg.com/browserslist/-/browserslist-4.21.4.tgz#e7496bbc67b9e39dd0f98565feccdcb0d4ff6987"
  dependencies:
    caniuse-lite "^1.0.30001400"
    electron-to-chromium "^1.4.251"
    node-releases "^2.0.6"
    update-browserslist-db "^1.0.9"

caniuse-lite@^1.0.30001400, caniuse-lite@^1.0.30001407:
  version "1.0.30001420"
  resolved "https://registry.yarnpkg.com/caniuse-lite/-/caniuse-lite-1.0.30001420.tgz#f62f35f051e0b6d25532cf376776d41e45b47ef6"

chokidar@^3.3.0:
  version "3.5.3"
  resolved "https://registry.yarnpkg.com/chokidar/-/chokidar-3.5.3.tgz#1cf37c8707b932bd1af1ae22c0432e2acd1903bd"
  dependencies:
    anymatch "~3.1.2"
    braces "~3.0.2"
    glob-parent "~5.1.2"
    is-binary-path "~2.1.0"
    is-glob "~4.0.1"
    normalize-path "~3.0.0"
    readdirp "~3.6.0"
  optionalDependencies:
    fsevents "~2.3.2"

cliui@^8.0.1:
  version "8.0.1"
  resolved "https://registry.yarnpkg.com/cliui/-/cliui-8.0.1.tgz#0c04b075db02cbfe60dc8e6cf2f5486b1a3608aa"
  dependencies:
    string-width "^4.2.0"
    strip-ansi "^6.0.1"
    wrap-ansi "^7.0.0"

color-convert@^2.0.1:
  version "2.0.1"
  resolved "https://registry.yarnpkg.com/color-convert/-/color-convert-2.0.1.tgz#72d3a68d598c9bdb3af2ad1e84f21d896abd4de3"
  dependencies:
    color-name "~1.1.4"

color-name@~1.1.4:
  version "1.1.4"
  resolved "https://registry.yarnpkg.com/color-name/-/color-name-1.1.4.tgz#c2a09a87acbde69543de6f63fa3995c826c536a2"

cssesc@^3.0.0:
  version "3.0.0"
  resolved "https://registry.yarnpkg.com/cssesc/-/cssesc-3.0.0.tgz#37741919903b868565e1c09ea747445cd18983ee"

dependency-graph@^0.11.0:
  version "0.11.0"
  resolved "https://registry.yarnpkg.com/dependency-graph/-/dependency-graph-0.11.0.tgz#ac0ce7ed68a54da22165a85e97a01d53f5eb2e27"

dir-glob@^3.0.1:
  version "3.0.1"
  resolved "https://registry.yarnpkg.com/dir-glob/-/dir-glob-3.0.1.tgz#56dbf73d992a4a93ba1584f4534063fd2e41717f"
  dependencies:
    path-type "^4.0.0"

electron-to-chromium@^1.4.251:
  version "1.4.283"
  resolved "https://registry.yarnpkg.com/electron-to-chromium/-/electron-to-chromium-1.4.283.tgz#d4f263f5df402fd799c0a06255d580dcf8aa9a8e"

emoji-regex@^8.0.0:
  version "8.0.0"
  resolved "https://registry.yarnpkg.com/emoji-regex/-/emoji-regex-8.0.0.tgz#e818fd69ce5ccfcb404594f842963bf53164cc37"

esbuild-android-64@0.15.11:
  version "0.15.11"
  resolved "https://registry.yarnpkg.com/esbuild-android-64/-/esbuild-android-64-0.15.11.tgz#50402129c3e85bb06434e212374c5f693e4c5f01"

esbuild-android-arm64@0.15.11:
  version "0.15.11"
  resolved "https://registry.yarnpkg.com/esbuild-android-arm64/-/esbuild-android-arm64-0.15.11.tgz#49bee35218ea2ccf1a0c5f187af77c1c0a5dee71"

esbuild-darwin-64@0.15.11:
  version "0.15.11"
  resolved "https://registry.yarnpkg.com/esbuild-darwin-64/-/esbuild-darwin-64-0.15.11.tgz#89a90c8cf6f0029ac4169bfedd012a0412c1575f"

esbuild-darwin-arm64@0.15.11:
  version "0.15.11"
  resolved "https://registry.yarnpkg.com/esbuild-darwin-arm64/-/esbuild-darwin-arm64-0.15.11.tgz#556f4385c6de806cc81132dd7b8af00fe9d292df"

esbuild-freebsd-64@0.15.11:
  version "0.15.11"
  resolved "https://registry.yarnpkg.com/esbuild-freebsd-64/-/esbuild-freebsd-64-0.15.11.tgz#fd86fd1b3b65366048f35b996d9cdf3547384eee"

esbuild-freebsd-arm64@0.15.11:
  version "0.15.11"
  resolved "https://registry.yarnpkg.com/esbuild-freebsd-arm64/-/esbuild-freebsd-arm64-0.15.11.tgz#d346bcacfe9779ebc1a11edac1bdedeff6dda3b1"

esbuild-linux-32@0.15.11:
  version "0.15.11"
  resolved "https://registry.yarnpkg.com/esbuild-linux-32/-/esbuild-linux-32-0.15.11.tgz#64b50e774bf75af7dcc6a73ad509f2eb0ac4487b"

esbuild-linux-64@0.15.11:
  version "0.15.11"
  resolved "https://registry.yarnpkg.com/esbuild-linux-64/-/esbuild-linux-64-0.15.11.tgz#fba3a78b95769772863f8f6dc316abca55cf8416"

esbuild-linux-arm64@0.15.11:
  version "0.15.11"
  resolved "https://registry.yarnpkg.com/esbuild-linux-arm64/-/esbuild-linux-arm64-0.15.11.tgz#c0cb31980eee066bfd39a4593660a0ecebe926cb"

esbuild-linux-arm@0.15.11:
  version "0.15.11"
  resolved "https://registry.yarnpkg.com/esbuild-linux-arm/-/esbuild-linux-arm-0.15.11.tgz#7824d20099977aa671016c7de7a5038c9870010f"

esbuild-linux-mips64le@0.15.11:
  version "0.15.11"
  resolved "https://registry.yarnpkg.com/esbuild-linux-mips64le/-/esbuild-linux-mips64le-0.15.11.tgz#10627331c90164e553429ed25e025184bba485b6"

esbuild-linux-ppc64le@0.15.11:
  version "0.15.11"
  resolved "https://registry.yarnpkg.com/esbuild-linux-ppc64le/-/esbuild-linux-ppc64le-0.15.11.tgz#be42679a36a5246b893fc8b898135ebacb5a0a14"

esbuild-linux-riscv64@0.15.11:
  version "0.15.11"
  resolved "https://registry.yarnpkg.com/esbuild-linux-riscv64/-/esbuild-linux-riscv64-0.15.11.tgz#3ac2f328e3db73cbff833ada94314d8e79503e54"

esbuild-linux-s390x@0.15.11:
  version "0.15.11"
  resolved "https://registry.yarnpkg.com/esbuild-linux-s390x/-/esbuild-linux-s390x-0.15.11.tgz#e774e0df061b6847d86783bf3c8c4300a72e03ad"

esbuild-netbsd-64@0.15.11:
  version "0.15.11"
  resolved "https://registry.yarnpkg.com/esbuild-netbsd-64/-/esbuild-netbsd-64-0.15.11.tgz#55e265fa4489e3f396b16c81f6f5a11d6ca2a9a4"

esbuild-openbsd-64@0.15.11:
  version "0.15.11"
  resolved "https://registry.yarnpkg.com/esbuild-openbsd-64/-/esbuild-openbsd-64-0.15.11.tgz#bc04103ccfd8c2f2241e1add0b51a095955b73c4"

esbuild-sunos-64@0.15.11:
  version "0.15.11"
  resolved "https://registry.yarnpkg.com/esbuild-sunos-64/-/esbuild-sunos-64-0.15.11.tgz#ccd580305d31fde07b5c386da79c942aaf069013"

esbuild-windows-32@0.15.11:
  version "0.15.11"
  resolved "https://registry.yarnpkg.com/esbuild-windows-32/-/esbuild-windows-32-0.15.11.tgz#40fe1d48f9b20a76f6db5109aaaf1511aed58c71"

esbuild-windows-64@0.15.11:
  version "0.15.11"
  resolved "https://registry.yarnpkg.com/esbuild-windows-64/-/esbuild-windows-64-0.15.11.tgz#80c58b1ef2ff030c78e3a06e7a922776cc4cb687"

esbuild-windows-arm64@0.15.11:
  version "0.15.11"
  resolved "https://registry.yarnpkg.com/esbuild-windows-arm64/-/esbuild-windows-arm64-0.15.11.tgz#018624023b5c3f0cca334cc99f5ef7134d396333"

esbuild@^0.15.11:
  version "0.15.11"
  resolved "https://registry.yarnpkg.com/esbuild/-/esbuild-0.15.11.tgz#524d48612a9aa7edc1753c83459cb6fcae0cb66e"
  optionalDependencies:
    "@esbuild/android-arm" "0.15.11"
    "@esbuild/linux-loong64" "0.15.11"
    esbuild-android-64 "0.15.11"
    esbuild-android-arm64 "0.15.11"
    esbuild-darwin-64 "0.15.11"
    esbuild-darwin-arm64 "0.15.11"
    esbuild-freebsd-64 "0.15.11"
    esbuild-freebsd-arm64 "0.15.11"
    esbuild-linux-32 "0.15.11"
    esbuild-linux-64 "0.15.11"
    esbuild-linux-arm "0.15.11"
    esbuild-linux-arm64 "0.15.11"
    esbuild-linux-mips64le "0.15.11"
    esbuild-linux-ppc64le "0.15.11"
    esbuild-linux-riscv64 "0.15.11"
    esbuild-linux-s390x "0.15.11"
    esbuild-netbsd-64 "0.15.11"
    esbuild-openbsd-64 "0.15.11"
    esbuild-sunos-64 "0.15.11"
    esbuild-windows-32 "0.15.11"
    esbuild-windows-64 "0.15.11"
    esbuild-windows-arm64 "0.15.11"

escalade@^3.1.1:
  version "3.1.1"
  resolved "https://registry.yarnpkg.com/escalade/-/escalade-3.1.1.tgz#d8cfdc7000965c5a0174b4a82eaa5c0552742e40"

fast-glob@^3.2.11:
  version "3.2.12"
  resolved "https://registry.yarnpkg.com/fast-glob/-/fast-glob-3.2.12.tgz#7f39ec99c2e6ab030337142da9e0c18f37afae80"
  dependencies:
    "@nodelib/fs.stat" "^2.0.2"
    "@nodelib/fs.walk" "^1.2.3"
    glob-parent "^5.1.2"
    merge2 "^1.3.0"
    micromatch "^4.0.4"

fastq@^1.6.0:
  version "1.13.0"
  resolved "https://registry.yarnpkg.com/fastq/-/fastq-1.13.0.tgz#616760f88a7526bdfc596b7cab8c18938c36b98c"
  dependencies:
    reusify "^1.0.4"

fill-range@^7.0.1:
  version "7.0.1"
  resolved "https://registry.yarnpkg.com/fill-range/-/fill-range-7.0.1.tgz#1919a6a7c75fe38b2c7c77e5198535da9acdda40"
  dependencies:
    to-regex-range "^5.0.1"

fraction.js@^4.2.0:
  version "4.2.0"
  resolved "https://registry.yarnpkg.com/fraction.js/-/fraction.js-4.2.0.tgz#448e5109a313a3527f5a3ab2119ec4cf0e0e2950"

fs-extra@^10.0.0:
  version "10.1.0"
  resolved "https://registry.yarnpkg.com/fs-extra/-/fs-extra-10.1.0.tgz#02873cfbc4084dde127eaa5f9905eef2325d1abf"
  dependencies:
    graceful-fs "^4.2.0"
    jsonfile "^6.0.1"
    universalify "^2.0.0"

fsevents@~2.3.2:
  version "2.3.2"
  resolved "https://registry.yarnpkg.com/fsevents/-/fsevents-2.3.2.tgz#8a526f78b8fdf4623b709e0b975c52c24c02fd1a"

get-caller-file@^2.0.5:
  version "2.0.5"
  resolved "https://registry.yarnpkg.com/get-caller-file/-/get-caller-file-2.0.5.tgz#4f94412a82db32f36e3b0b9741f8a97feb031f7e"

get-stdin@^9.0.0:
  version "9.0.0"
  resolved "https://registry.yarnpkg.com/get-stdin/-/get-stdin-9.0.0.tgz#3983ff82e03d56f1b2ea0d3e60325f39d703a575"

glob-parent@^5.1.2, glob-parent@~5.1.2:
  version "5.1.2"
  resolved "https://registry.yarnpkg.com/glob-parent/-/glob-parent-5.1.2.tgz#869832c58034fe68a4093c17dc15e8340d8401c4"
  dependencies:
    is-glob "^4.0.1"

globby@^13.0.0:
  version "13.1.2"
  resolved "https://registry.yarnpkg.com/globby/-/globby-13.1.2.tgz#29047105582427ab6eca4f905200667b056da515"
  dependencies:
    dir-glob "^3.0.1"
    fast-glob "^3.2.11"
    ignore "^5.2.0"
    merge2 "^1.4.1"
    slash "^4.0.0"

graceful-fs@^4.1.6, graceful-fs@^4.2.0:
  version "4.2.10"
  resolved "https://registry.yarnpkg.com/graceful-fs/-/graceful-fs-4.2.10.tgz#147d3a006da4ca3ce14728c7aefc287c367d7a6c"

ignore@^5.2.0:
  version "5.2.0"
  resolved "https://registry.yarnpkg.com/ignore/-/ignore-5.2.0.tgz#6d3bac8fa7fe0d45d9f9be7bac2fc279577e345a"

is-binary-path@~2.1.0:
  version "2.1.0"
  resolved "https://registry.yarnpkg.com/is-binary-path/-/is-binary-path-2.1.0.tgz#ea1f7f3b80f064236e83470f86c09c254fb45b09"
  dependencies:
    binary-extensions "^2.0.0"

is-extglob@^2.1.1:
  version "2.1.1"
  resolved "https://registry.yarnpkg.com/is-extglob/-/is-extglob-2.1.1.tgz#a88c02535791f02ed37c76a1b9ea9773c833f8c2"

is-fullwidth-code-point@^3.0.0:
  version "3.0.0"
  resolved "https://registry.yarnpkg.com/is-fullwidth-code-point/-/is-fullwidth-code-point-3.0.0.tgz#f116f8064fe90b3f7844a38997c0b75051269f1d"

is-glob@^4.0.1, is-glob@~4.0.1:
  version "4.0.3"
  resolved "https://registry.yarnpkg.com/is-glob/-/is-glob-4.0.3.tgz#64f61e42cbbb2eec2071a9dac0b28ba1e65d5084"
  dependencies:
    is-extglob "^2.1.1"

is-number@^7.0.0:
  version "7.0.0"
  resolved "https://registry.yarnpkg.com/is-number/-/is-number-7.0.0.tgz#7535345b896734d5f80c4d06c50955527a14f12b"

jsonfile@^6.0.1:
  version "6.1.0"
  resolved "https://registry.yarnpkg.com/jsonfile/-/jsonfile-6.1.0.tgz#bc55b2634793c679ec6403094eb13698a6ec0aae"
  dependencies:
    universalify "^2.0.0"
  optionalDependencies:
    graceful-fs "^4.1.6"

lilconfig@^2.0.5:
  version "2.0.6"
  resolved "https://registry.yarnpkg.com/lilconfig/-/lilconfig-2.0.6.tgz#32a384558bd58af3d4c6e077dd1ad1d397bc69d4"

merge2@^1.3.0, merge2@^1.4.1:
  version "1.4.1"
  resolved "https://registry.yarnpkg.com/merge2/-/merge2-1.4.1.tgz#4368892f885e907455a6fd7dc55c0c9d404990ae"

micromatch@^4.0.4:
  version "4.0.5"
  resolved "https://registry.yarnpkg.com/micromatch/-/micromatch-4.0.5.tgz#bc8999a7cbbf77cdc89f132f6e467051b49090c6"
  dependencies:
    braces "^3.0.2"
    picomatch "^2.3.1"

nanoid@^3.3.4:
  version "3.3.4"
  resolved "https://registry.yarnpkg.com/nanoid/-/nanoid-3.3.4.tgz#730b67e3cd09e2deacf03c027c81c9d9dbc5e8ab"

node-releases@^2.0.6:
  version "2.0.6"
  resolved "https://registry.yarnpkg.com/node-releases/-/node-releases-2.0.6.tgz#8a7088c63a55e493845683ebf3c828d8c51c5503"

normalize-path@^3.0.0, normalize-path@~3.0.0:
  version "3.0.0"
  resolved "https://registry.yarnpkg.com/normalize-path/-/normalize-path-3.0.0.tgz#0dcd69ff23a1c9b11fd0978316644a0388216a65"

normalize-range@^0.1.2:
  version "0.1.2"
  resolved "https://registry.yarnpkg.com/normalize-range/-/normalize-range-0.1.2.tgz#2d10c06bdfd312ea9777695a4d28439456b75942"

path-type@^4.0.0:
  version "4.0.0"
  resolved "https://registry.yarnpkg.com/path-type/-/path-type-4.0.0.tgz#84ed01c0a7ba380afe09d90a8c180dcd9d03043b"

picocolors@^1.0.0:
  version "1.0.0"
  resolved "https://registry.yarnpkg.com/picocolors/-/picocolors-1.0.0.tgz#cb5bdc74ff3f51892236eaf79d68bc44564ab81c"

picomatch@^2.0.4, picomatch@^2.2.1, picomatch@^2.3.1:
  version "2.3.1"
  resolved "https://registry.yarnpkg.com/picomatch/-/picomatch-2.3.1.tgz#3ba3833733646d9d3e4995946c1365a67fb07a42"

pify@^2.3.0:
  version "2.3.0"
  resolved "https://registry.yarnpkg.com/pify/-/pify-2.3.0.tgz#ed141a6ac043a849ea588498e7dca8b15330e90c"

postcss-cli@^10.0.0:
  version "10.0.0"
  resolved "https://registry.yarnpkg.com/postcss-cli/-/postcss-cli-10.0.0.tgz#404e468d1ff39fb5ead3f707e2021be7cd3f8c9f"
  dependencies:
    chokidar "^3.3.0"
    dependency-graph "^0.11.0"
    fs-extra "^10.0.0"
    get-stdin "^9.0.0"
    globby "^13.0.0"
    picocolors "^1.0.0"
    postcss-load-config "^4.0.0"
    postcss-reporter "^7.0.0"
    pretty-hrtime "^1.0.3"
    read-cache "^1.0.0"
    slash "^4.0.0"
    yargs "^17.0.0"

postcss-load-config@^4.0.0:
  version "4.0.1"
  resolved "https://registry.yarnpkg.com/postcss-load-config/-/postcss-load-config-4.0.1.tgz#152383f481c2758274404e4962743191d73875bd"
  dependencies:
    lilconfig "^2.0.5"
    yaml "^2.1.1"

postcss-nesting@^10.2.0:
  version "10.2.0"
  resolved "https://registry.yarnpkg.com/postcss-nesting/-/postcss-nesting-10.2.0.tgz#0b12ce0db8edfd2d8ae0aaf86427370b898890be"
  dependencies:
    "@csstools/selector-specificity" "^2.0.0"
    postcss-selector-parser "^6.0.10"

postcss-reporter@^7.0.0:
  version "7.0.5"
  resolved "https://registry.yarnpkg.com/postcss-reporter/-/postcss-reporter-7.0.5.tgz#e55bd0fdf8d17e4f25fb55e9143fcd79349a2ceb"
  dependencies:
    picocolors "^1.0.0"
    thenby "^1.3.4"

postcss-selector-parser@^6.0.10:
  version "6.0.10"
  resolved "https://registry.yarnpkg.com/postcss-selector-parser/-/postcss-selector-parser-6.0.10.tgz#79b61e2c0d1bfc2602d549e11d0876256f8df88d"
  dependencies:
    cssesc "^3.0.0"
    util-deprecate "^1.0.2"

postcss-value-parser@^4.2.0:
  version "4.2.0"
  resolved "https://registry.yarnpkg.com/postcss-value-parser/-/postcss-value-parser-4.2.0.tgz#723c09920836ba6d3e5af019f92bc0971c02e514"

postcss@^8.4.16:
  version "8.4.18"
  resolved "https://registry.yarnpkg.com/postcss/-/postcss-8.4.18.tgz#6d50046ea7d3d66a85e0e782074e7203bc7fbca2"
  dependencies:
    nanoid "^3.3.4"
    picocolors "^1.0.0"
    source-map-js "^1.0.2"

pretty-hrtime@^1.0.3:
  version "1.0.3"
  resolved "https://registry.yarnpkg.com/pretty-hrtime/-/pretty-hrtime-1.0.3.tgz#b7e3ea42435a4c9b2759d99e0f201eb195802ee1"

queue-microtask@^1.2.2:
  version "1.2.3"
  resolved "https://registry.yarnpkg.com/queue-microtask/-/queue-microtask-1.2.3.tgz#4929228bbc724dfac43e0efb058caf7b6cfb6243"

read-cache@^1.0.0:
  version "1.0.0"
  resolved "https://registry.yarnpkg.com/read-cache/-/read-cache-1.0.0.tgz#e664ef31161166c9751cdbe8dbcf86b5fb58f774"
  dependencies:
    pify "^2.3.0"

readdirp@~3.6.0:
  version "3.6.0"
  resolved "https://registry.yarnpkg.com/readdirp/-/readdirp-3.6.0.tgz#74a370bd857116e245b29cc97340cd431a02a6c7"
  dependencies:
    picomatch "^2.2.1"

require-directory@^2.1.1:
  version "2.1.1"
  resolved "https://registry.yarnpkg.com/require-directory/-/require-directory-2.1.1.tgz#8c64ad5fd30dab1c976e2344ffe7f792a6a6df42"

reusify@^1.0.4:
  version "1.0.4"
  resolved "https://registry.yarnpkg.com/reusify/-/reusify-1.0.4.tgz#90da382b1e126efc02146e90845a88db12925d76"

run-parallel@^1.1.9:
  version "1.2.0"
  resolved "https://registry.yarnpkg.com/run-parallel/-/run-parallel-1.2.0.tgz#66d1368da7bdf921eb9d95bd1a9229e7f21a43ee"
  dependencies:
    queue-microtask "^1.2.2"

slash@^4.0.0:
  version "4.0.0"
  resolved "https://registry.yarnpkg.com/slash/-/slash-4.0.0.tgz#2422372176c4c6c5addb5e2ada885af984b396a7"

source-map-js@^1.0.2:
  version "1.0.2"
  resolved "https://registry.yarnpkg.com/source-map-js/-/source-map-js-1.0.2.tgz#adbc361d9c62df380125e7f161f71c826f1e490c"

string-width@^4.1.0, string-width@^4.2.0, string-width@^4.2.3:
  version "4.2.3"
  resolved "https://registry.yarnpkg.com/string-width/-/string-width-4.2.3.tgz#269c7117d27b05ad2e536830a8ec895ef9c6d010"
  dependencies:
    emoji-regex "^8.0.0"
    is-fullwidth-code-point "^3.0.0"
    strip-ansi "^6.0.1"

strip-ansi@^6.0.0, strip-ansi@^6.0.1:
  version "6.0.1"
  resolved "https://registry.yarnpkg.com/strip-ansi/-/strip-ansi-6.0.1.tgz#9e26c63d30f53443e9489495b2105d37b67a85d9"
  dependencies:
    ansi-regex "^5.0.1"

thenby@^1.3.4:
  version "1.3.4"
  resolved "https://registry.yarnpkg.com/thenby/-/thenby-1.3.4.tgz#81581f6e1bb324c6dedeae9bfc28e59b1a2201cc"

to-regex-range@^5.0.1:
  version "5.0.1"
  resolved "https://registry.yarnpkg.com/to-regex-range/-/to-regex-range-5.0.1.tgz#1648c44aae7c8d988a326018ed72f5b4dd0392e4"
  dependencies:
    is-number "^7.0.0"

universalify@^2.0.0:
  version "2.0.0"
  resolved "https://registry.yarnpkg.com/universalify/-/universalify-2.0.0.tgz#75a4984efedc4b08975c5aeb73f530d02df25717"

update-browserslist-db@^1.0.9:
  version "1.0.10"
  resolved "https://registry.yarnpkg.com/update-browserslist-db/-/update-browserslist-db-1.0.10.tgz#0f54b876545726f17d00cd9a2561e6dade943ff3"
  dependencies:
    escalade "^3.1.1"
    picocolors "^1.0.0"

util-deprecate@^1.0.2:
  version "1.0.2"
  resolved "https://registry.yarnpkg.com/util-deprecate/-/util-deprecate-1.0.2.tgz#450d4dc9fa70de732762fbd2d4a28981419a0ccf"

wrap-ansi@^7.0.0:
  version "7.0.0"
  resolved "https://registry.yarnpkg.com/wrap-ansi/-/wrap-ansi-7.0.0.tgz#67e145cff510a6a6984bdf1152911d69d2eb9e43"
  dependencies:
    ansi-styles "^4.0.0"
    string-width "^4.1.0"
    strip-ansi "^6.0.0"

y18n@^5.0.5:
  version "5.0.8"
  resolved "https://registry.yarnpkg.com/y18n/-/y18n-5.0.8.tgz#7f4934d0f7ca8c56f95314939ddcd2dd91ce1d55"

yaml@^2.1.1:
  version "2.1.3"
  resolved "https://registry.yarnpkg.com/yaml/-/yaml-2.1.3.tgz#9b3a4c8aff9821b696275c79a8bee8399d945207"

yargs-parser@^21.0.0:
  version "21.1.1"
  resolved "https://registry.yarnpkg.com/yargs-parser/-/yargs-parser-21.1.1.tgz#9096bceebf990d21bb31fa9516e0ede294a77d35"

yargs@^17.0.0:
  version "17.6.0"
  resolved "https://registry.yarnpkg.com/yargs/-/yargs-17.6.0.tgz#e134900fc1f218bc230192bdec06a0a5f973e46c"
  dependencies:
    cliui "^8.0.1"
    escalade "^3.1.1"
    get-caller-file "^2.0.5"
    require-directory "^2.1.1"
    string-width "^4.2.3"
    y18n "^5.0.5"
    yargs-parser "^21.0.0"
